PODS:
  - CMPushNotificationService (1.0.3):
    - CMPushNotificationService/Core (= 1.0.3)
    - CMPushNotificationService/JPushLib (= 1.0.3)
    - CMPushNotificationService/XGLib (= 1.0.3)
  - CMPushNotificationService/Core (1.0.3):
    - CMPushNotificationService/JPushLib
    - CMPushNotificationService/XGLib
  - CMPushNotificationService/JPushLib (1.0.3):
    - JPush
  - CMPushNotificationService/XGLib (1.0.3)
  - JCore (1.1.9)
  - JPush (3.0.9):
    - JCore (~> 1.1.7)

DEPENDENCIES:
  - CMPushNotificationService (from `../`)

SPEC REPOS:
  https://github.com/CocoaPods/Specs.git:
    - JCore
    - JPush

EXTERNAL SOURCES:
  CMPushNotificationService:
    :path: "../"

SPEC CHECKSUMS:
  CMPushNotificationService: f3bc533b66c6a6fd0399635dd211fc462c51e9a7
  JCore: 27598485098d0db99d2812cba048003457d08cfb
  JPush: 003d9eaef8ba2df76de32573d0c8aa62b92b3c82

PODFILE CHECKSUM: 9f5e8d35f4036ff24dfc5c8524132cf81cc886ce

COCOAPODS: 1.5.0
